PODS:
  - FBAEMKit (12.3.2):
    - FBSDKCoreKit_Basics (= 12.3.2)
  - FBSDKCoreKit (12.3.2):
    - FBAEMKit (= 12.3.2)
    - FBSDKCoreKit_Basics (= 12.3.2)
  - FBSDKCoreKit_Basics (12.3.2)
  - FBSDKLoginKit (12.3.2):
    - FBSDKCoreKit (= 12.3.2)
  - Flutter (1.0.0)
  - flutter_facebook_auth (2.0.0):
    - FBSDKCoreKit (~> 12.3.0)
    - FBSDKLoginKit (~> 12.3.0)
    - Flutter
  - path_provider (0.0.1):
    - Flutter
  - url_launcher (0.0.1):
    - Flutter

DEPENDENCIES:
  - Flutter (from `Flutter`)
  - flutter_facebook_auth (from `.symlinks/plugins/flutter_facebook_auth/ios`)
  - path_provider (from `.symlinks/plugins/path_provider/ios`)
  - url_launcher (from `.symlinks/plugins/url_launcher/ios`)

SPEC REPOS:
  trunk:
    - FBAEMKit
    - FBSDKCoreKit
    - FBSDKCoreKit_Basics
    - FBSDKLoginKit

EXTERNAL SOURCES:
  Flutter:
    :path: Flutter
  flutter_facebook_auth:
    :path: ".symlinks/plugins/flutter_facebook_auth/ios"
  path_provider:
    :path: ".symlinks/plugins/path_provider/ios"
  url_launcher:
    :path: ".symlinks/plugins/url_launcher/ios"

SPEC CHECKSUMS:
  FBAEMKit: 955ca52eba8219c20f90774e8c6ff8bc7b3192a3
  FBSDKCoreKit: 678f64eda3f0ff25c189c2ebbfe87b1d96a85a6d
  FBSDKCoreKit_Basics: 6bee7c1f0932432901781203fa5e587ec5099148
  FBSDKLoginKit: 56d55e23fe66a6db045826190b0b4dbc0e1ca0a0
  Flutter: 0e3d915762c693b495b44d77113d4970485de6ec
  flutter_facebook_auth: f8adca9f65316c88bfa32d5652827db9000d5ee5
  path_provider: abfe2b5c733d04e238b0d8691db0cfd63a27a93c
  url_launcher: 6fef411d543ceb26efce54b05a0a40bfd74cbbef

PODFILE CHECKSUM: 7368163408c647b7eb699d0d788ba6718e18fb8d

COCOAPODS: 1.11.3
